// !$*UTF8*$!
{
	archiveVersion = 1;
	classes = {
	};
	objectVersion = 46;
	objects = {

/* Begin PBXBuildFile section */
		1C236C3A15408BD40047F026 /* PainterAppDelegate.m in Sources */ = {isa = PBXBuildFile; fileRef = 1C236C3815408BD40047F026 /* PainterAppDelegate.m */; };
		1C236C4015408BFA0047F026 /* FlipsideViewController.m in Sources */ = {isa = PBXBuildFile; fileRef = 1C236C3C15408BFA0047F026 /* FlipsideViewController.m */; };
		1C236C4115408BFA0047F026 /* MainViewController.m in Sources */ = {isa = PBXBuildFile; fileRef = 1C236C3E15408BFA0047F026 /* MainViewController.m */; };
		1C236C4E15408C370047F026 /* MainView.m in Sources */ = {isa = PBXBuildFile; fileRef = 1C236C4C15408C370047F026 /* MainView.m */; };
		1C236C5115408C420047F026 /* Squiggle.m in Sources */ = {isa = PBXBuildFile; fileRef = 1C236C4F15408C420047F026 /* Squiggle.m */; };
		1C236C5615408D920047F026 /* FlipsideView.xib in Resources */ = {isa = PBXBuildFile; fileRef = 1C236C4415408C230047F026 /* FlipsideView.xib */; };
		1C236C5715408D920047F026 /* MainView.xib in Resources */ = {isa = PBXBuildFile; fileRef = 1C236C4515408C230047F026 /* MainView.xib */; };
		1C236C5815408D920047F026 /* MainWindow.xib in Resources */ = {isa = PBXBuildFile; fileRef = 1C236C4615408C230047F026 /* MainWindow.xib */; };
		1C236C5F15408F3F0047F026 /* main.m in Sources */ = {isa = PBXBuildFile; fileRef = 1C236C5E15408F3F0047F026 /* main.m */; };
		1D60589F0D05DD5A006BFB54 /* Foundation.framework in Frameworks */ = {isa = PBXBuildFile; fileRef = 1D30AB110D05D00D00671497 /* Foundation.framework */; };
		1DF5F4E00D08C38300B7A737 /* UIKit.framework in Frameworks */ = {isa = PBXBuildFile; fileRef = 1DF5F4DF0D08C38300B7A737 /* UIKit.framework */; };
		288765590DF743DE002DB57D /* CoreGraphics.framework in Frameworks */ = {isa = PBXBuildFile; fileRef = 288765580DF743DE002DB57D /* CoreGraphics.framework */; };
/* End PBXBuildFile section */

/* Begin PBXFileReference section */
		1C236C3815408BD40047F026 /* PainterAppDelegate.m */ = {isa = PBXFileReference; fileEncoding = 4; lastKnownFileType = sourcecode.c.objc; name = PainterAppDelegate.m; path = Painter/PainterAppDelegate.m; sourceTree = "<group>"; };
		1C236C3915408BD40047F026 /* PainterAppDelegate.h */ = {isa = PBXFileReference; fileEncoding = 4; lastKnownFileType = sourcecode.c.h; name = PainterAppDelegate.h; path = Painter/PainterAppDelegate.h; sourceTree = "<group>"; };
		1C236C3C15408BFA0047F026 /* FlipsideViewController.m */ = {isa = PBXFileReference; fileEncoding = 4; lastKnownFileType = sourcecode.c.objc; name = FlipsideViewController.m; path = Painter/FlipsideViewController.m; sourceTree = "<group>"; };
		1C236C3D15408BFA0047F026 /* FlipsideViewController.h */ = {isa = PBXFileReference; fileEncoding = 4; lastKnownFileType = sourcecode.c.h; name = FlipsideViewController.h; path = Painter/FlipsideViewController.h; sourceTree = "<group>"; };
		1C236C3E15408BFA0047F026 /* MainViewController.m */ = {isa = PBXFileReference; fileEncoding = 4; lastKnownFileType = sourcecode.c.objc; name = MainViewController.m; path = Painter/MainViewController.m; sourceTree = "<group>"; };
		1C236C3F15408BFA0047F026 /* MainViewController.h */ = {isa = PBXFileReference; fileEncoding = 4; lastKnownFileType = sourcecode.c.h; name = MainViewController.h; path = Painter/MainViewController.h; sourceTree = "<group>"; };
		1C236C4415408C230047F026 /* FlipsideView.xib */ = {isa = PBXFileReference; fileEncoding = 4; lastKnownFileType = file.xib; name = FlipsideView.xib; path = Painter/FlipsideView.xib; sourceTree = "<group>"; };
		1C236C4515408C230047F026 /* MainView.xib */ = {isa = PBXFileReference; fileEncoding = 4; lastKnownFileType = file.xib; name = MainView.xib; path = Painter/MainView.xib; sourceTree = "<group>"; };
		1C236C4615408C230047F026 /* MainWindow.xib */ = {isa = PBXFileReference; fileEncoding = 4; lastKnownFileType = file.xib; name = MainWindow.xib; path = Painter/MainWindow.xib; sourceTree = "<group>"; };
		1C236C4C15408C370047F026 /* MainView.m */ = {isa = PBXFileReference; fileEncoding = 4; lastKnownFileType = sourcecode.c.objc; name = MainView.m; path = Painter/MainView.m; sourceTree = "<group>"; };
		1C236C4D15408C370047F026 /* MainView.h */ = {isa = PBXFileReference; fileEncoding = 4; lastKnownFileType = sourcecode.c.h; name = MainView.h; path = Painter/MainView.h; sourceTree = "<group>"; };
		1C236C4F15408C420047F026 /* Squiggle.m */ = {isa = PBXFileReference; fileEncoding = 4; lastKnownFileType = sourcecode.c.objc; name = Squiggle.m; path = Painter/Squiggle.m; sourceTree = "<group>"; };
		1C236C5015408C420047F026 /* Squiggle.h */ = {isa = PBXFileReference; fileEncoding = 4; lastKnownFileType = sourcecode.c.h; name = Squiggle.h; path = Painter/Squiggle.h; sourceTree = "<group>"; };
		1C236C5915408DD90047F026 /* Painter-Info.plist */ = {isa = PBXFileReference; fileEncoding = 4; lastKnownFileType = text.plist.xml; path = "Painter-Info.plist"; sourceTree = "<group>"; };
		1C236C5D15408F250047F026 /* Painter_Prefix.pch */ = {isa = PBXFileReference; fileEncoding = 4; lastKnownFileType = sourcecode.c.h; path = Painter_Prefix.pch; sourceTree = "<group>"; };
		1C236C5E15408F3F0047F026 /* main.m */ = {isa = PBXFileReference; fileEncoding = 4; lastKnownFileType = sourcecode.c.objc; path = main.m; sourceTree = "<group>"; };
		1D30AB110D05D00D00671497 /* Foundation.framework */ = {isa = PBXFileReference; lastKnownFileType = wrapper.framework; name = Foundation.framework; path = System/Library/Frameworks/Foundation.framework; sourceTree = SDKROOT; };
		1D6058910D05DD3D006BFB54 /* Painter.app */ = {isa = PBXFileReference; explicitFileType = wrapper.application; includeInIndex = 0; path = Painter.app; sourceTree = BUILT_PRODUCTS_DIR; };
		1DF5F4DF0D08C38300B7A737 /* UIKit.framework */ = {isa = PBXFileReference; lastKnownFileType = wrapper.framework; name = UIKit.framework; path = System/Library/Frameworks/UIKit.framework; sourceTree = SDKROOT; };
		288765580DF743DE002DB57D /* CoreGraphics.framework */ = {isa = PBXFileReference; lastKnownFileType = wrapper.framework; name = CoreGraphics.framework; path = System/Library/Frameworks/CoreGraphics.framework; sourceTree = SDKROOT; };
/* End PBXFileReference section */

/* Begin PBXFrameworksBuildPhase section */
		1D60588F0D05DD3D006BFB54 /* Frameworks */ = {
			isa = PBXFrameworksBuildPhase;
			buildActionMask = 2147483647;
			files = (
				1D60589F0D05DD5A006BFB54 /* Foundation.framework in Frameworks */,
				1DF5F4E00D08C38300B7A737 /* UIKit.framework in Frameworks */,
				288765590DF743DE002DB57D /* CoreGraphics.framework in Frameworks */,
			);
			runOnlyForDeploymentPostprocessing = 0;
		};
/* End PBXFrameworksBuildPhase section */

/* Begin PBXGroup section */
		19C28FACFE9D520D11CA2CBB /* Products */ = {
			isa = PBXGroup;
			children = (
				1D6058910D05DD3D006BFB54 /* Painter.app */,
			);
			name = Products;
			sourceTree = "<group>";
		};
		1C236C37154087330047F026 /* Classes */ = {
			isa = PBXGroup;
			children = (
				1C236C3815408BD40047F026 /* PainterAppDelegate.m */,
				1C236C3915408BD40047F026 /* PainterAppDelegate.h */,
				1C236C4C15408C370047F026 /* MainView.m */,
				1C236C4D15408C370047F026 /* MainView.h */,
				1C236C4F15408C420047F026 /* Squiggle.m */,
				1C236C5015408C420047F026 /* Squiggle.h */,
				1C236C3B15408BE10047F026 /* ViewControllers */,
			);
			name = Classes;
			sourceTree = "<group>";
		};
		1C236C3B15408BE10047F026 /* ViewControllers */ = {
			isa = PBXGroup;
			children = (
				1C236C3C15408BFA0047F026 /* FlipsideViewController.m */,
				1C236C3D15408BFA0047F026 /* FlipsideViewController.h */,
				1C236C3E15408BFA0047F026 /* MainViewController.m */,
				1C236C3F15408BFA0047F026 /* MainViewController.h */,
			);
			name = ViewControllers;
			sourceTree = "<group>";
		};
		29B97314FDCFA39411CA2CEA /* CustomTemplate */ = {
			isa = PBXGroup;
			children = (
				1C236C37154087330047F026 /* Classes */,
				29B97315FDCFA39411CA2CEA /* Other Sources */,
				29B97317FDCFA39411CA2CEA /* Resources */,
				29B97323FDCFA39411CA2CEA /* Frameworks */,
				19C28FACFE9D520D11CA2CBB /* Products */,
			);
			name = CustomTemplate;
			sourceTree = "<group>";
		};
		29B97315FDCFA39411CA2CEA /* Other Sources */ = {
			isa = PBXGroup;
			children = (
				1C236C5E15408F3F0047F026 /* main.m */,
				1C236C5D15408F250047F026 /* Painter_Prefix.pch */,
				1C236C5915408DD90047F026 /* Painter-Info.plist */,
			);
			name = "Other Sources";
			sourceTree = "<group>";
		};
		29B97317FDCFA39411CA2CEA /* Resources */ = {
			isa = PBXGroup;
			children = (
				1C236C4415408C230047F026 /* FlipsideView.xib */,
				1C236C4515408C230047F026 /* MainView.xib */,
				1C236C4615408C230047F026 /* MainWindow.xib */,
			);
			name = Resources;
			sourceTree = "<group>";
		};
		29B97323FDCFA39411CA2CEA /* Frameworks */ = {
			isa = PBXGroup;
			children = (
				1DF5F4DF0D08C38300B7A737 /* UIKit.framework */,
				1D30AB110D05D00D00671497 /* Foundation.framework */,
				288765580DF743DE002DB57D /* CoreGraphics.framework */,
			);
			name = Frameworks;
			sourceTree = "<group>";
		};
/* End PBXGroup section */

/* Begin PBXNativeTarget section */
		1D6058900D05DD3D006BFB54 /* Painter */ = {
			isa = PBXNativeTarget;
			buildConfigurationList = 1D6058960D05DD3E006BFB54 /* Build configuration list for PBXNativeTarget "Painter" */;
			buildPhases = (
				1D60588D0D05DD3D006BFB54 /* Resources */,
				1D60588E0D05DD3D006BFB54 /* Sources */,
				1D60588F0D05DD3D006BFB54 /* Frameworks */,
			);
			buildRules = (
			);
			dependencies = (
			);
			name = Painter;
			productName = Painter;
			productReference = 1D6058910D05DD3D006BFB54 /* Painter.app */;
			productType = "com.apple.product-type.application";
		};
/* End PBXNativeTarget section */

/* Begin PBXProject section */
		29B97313FDCFA39411CA2CEA /* Project object */ = {
			isa = PBXProject;
			attributes = {
				ORGANIZATIONNAME = "Edward in Action";
			};
			buildConfigurationList = C01FCF4E08A954540054247B /* Build configuration list for PBXProject "Painter" */;
			compatibilityVersion = "Xcode 3.2";
			developmentRegion = English;
			hasScannedForEncodings = 1;
			knownRegions = (
				English,
				Japanese,
				French,
				German,
				en,
			);
			mainGroup = 29B97314FDCFA39411CA2CEA /* CustomTemplate */;
			projectDirPath = "";
			projectRoot = "";
			targets = (
				1D6058900D05DD3D006BFB54 /* Painter */,
			);
		};
/* End PBXProject section */

/* Begin PBXResourcesBuildPhase section */
		1D60588D0D05DD3D006BFB54 /* Resources */ = {
			isa = PBXResourcesBuildPhase;
			buildActionMask = 2147483647;
			files = (
				1C236C5615408D920047F026 /* FlipsideView.xib in Resources */,
				1C236C5715408D920047F026 /* MainView.xib in Resources */,
				1C236C5815408D920047F026 /* MainWindow.xib in Resources */,
			);
			runOnlyForDeploymentPostprocessing = 0;
		};
/* End PBXResourcesBuildPhase section */

/* Begin PBXSourcesBuildPhase section */
		1D60588E0D05DD3D006BFB54 /* Sources */ = {
			isa = PBXSourcesBuildPhase;
			buildActionMask = 2147483647;
			files = (
				1C236C3A15408BD40047F026 /* PainterAppDelegate.m in Sources */,
				1C236C4015408BFA0047F026 /* FlipsideViewController.m in Sources */,
				1C236C4115408BFA0047F026 /* MainViewController.m in Sources */,
				1C236C4E15408C370047F026 /* MainView.m in Sources */,
				1C236C5115408C420047F026 /* Squiggle.m in Sources */,
				1C236C5F15408F3F0047F026 /* main.m in Sources */,
			);
			runOnlyForDeploymentPostprocessing = 0;
		};
/* End PBXSourcesBuildPhase section */

/* Begin XCBuildConfiguration section */
		1D6058940D05DD3E006BFB54 /* Debug */ = {
			isa = XCBuildConfiguration;
			buildSettings = {
				ALWAYS_SEARCH_USER_PATHS = NO;
				COPY_PHASE_STRIP = NO;
				GCC_DYNAMIC_NO_PIC = NO;
				GCC_OPTIMIZATION_LEVEL = 0;
				GCC_PRECOMPILE_PREFIX_HEADER = YES;
				GCC_PREFIX_HEADER = Painter_Prefix.pch;
				INFOPLIST_FILE = "Painter-Info.plist";
				IPHONEOS_DEPLOYMENT_TARGET = 4.0;
				PRODUCT_NAME = Painter;
				SDKROOT = iphoneos;
			};
			name = Debug;
		};
		1D6058950D05DD3E006BFB54 /* Release */ = {
			isa = XCBuildConfiguration;
			buildSettings = {
				ALWAYS_SEARCH_USER_PATHS = NO;
				COPY_PHASE_STRIP = YES;
				GCC_PRECOMPILE_PREFIX_HEADER = YES;
				GCC_PREFIX_HEADER = Painter_Prefix.pch;
				INFOPLIST_FILE = "Painter-Info.plist";
				IPHONEOS_DEPLOYMENT_TARGET = 4.0;
				PRODUCT_NAME = Painter;
				SDKROOT = iphoneos;
				VALIDATE_PRODUCT = YES;
			};
			name = Release;
		};
		C01FCF4F08A954540054247B /* Debug */ = {
			isa = XCBuildConfiguration;
			buildSettings = {
				ARCHS = "$(ARCHS_STANDARD_32_BIT)";
				"CODE_SIGN_IDENTITY[sdk=iphoneos*]" = "iPhone Developer";
				GCC_C_LANGUAGE_STANDARD = c99;
				GCC_WARN_ABOUT_RETURN_TYPE = YES;
				GCC_WARN_UNUSED_VARIABLE = YES;
				IPHONEOS_DEPLOYMENT_TARGET = 4.0;
				PREBINDING = NO;
				SDKROOT = iphoneos4.2;
			};
			name = Debug;
		};
		C01FCF5008A954540054247B /* Release */ = {
			isa = XCBuildConfiguration;
			buildSettings = {
				ARCHS = "$(ARCHS_STANDARD_32_BIT)";
				"CODE_SIGN_IDENTITY[sdk=iphoneos*]" = "iPhone Developer";
				GCC_C_LANGUAGE_STANDARD = c99;
				GCC_WARN_ABOUT_RETURN_TYPE = YES;
				GCC_WARN_UNUSED_VARIABLE = YES;
				IPHONEOS_DEPLOYMENT_TARGET = 4.0;
				OTHER_CFLAGS = "-DNS_BLOCK_ASSERTIONS=1";
				PREBINDING = NO;
				SDKROOT = iphoneos4.2;
			};
			name = Release;
		};
/* End XCBuildConfiguration section */

/* Begin XCConfigurationList section */
		1D6058960D05DD3E006BFB54 /* Build configuration list for PBXNativeTarget "Painter" */ = {
			isa = XCConfigurationList;
			buildConfigurations = (
				1D6058940D05DD3E006BFB54 /* Debug */,
				1D6058950D05DD3E006BFB54 /* Release */,
			);
			defaultConfigurationIsVisible = 0;
			defaultConfigurationName = Release;
		};
		C01FCF4E08A954540054247B /* Build configuration list for PBXProject "Painter" */ = {
			isa = XCConfigurationList;
			buildConfigurations = (
				C01FCF4F08A954540054247B /* Debug */,
				C01FCF5008A954540054247B /* Release */,
			);
			defaultConfigurationIsVisible = 0;
			defaultConfigurationName = Release;
		};
/* End XCConfigurationList section */
	};
	rootObject = 29B97313FDCFA39411CA2CEA /* Project object */;
}
